
Microsoft Visual Studio Solution File, Format Version 12.00
# Visual Studio 2013
VisualStudioVersion = 12.0.21005.1
MinimumVisualStudioVersion = 10.0.40219.1
Project("{8BC9CEB8-8B4A-11D0-8D11-00A0C91BC942}") = "GLProject_depth_test", "GLProject_depth_test\GLProject_depth_test.vcxproj", "{1F63E25B-2C1B-4A1B-92BD-48038BC134D6}"
EndProject
Global
	GlobalSection(SolutionConfigurationPlatforms) = preSolution
		Debug|Win32 = Debug|Win32
		Release|Win32 = Release|Win32
	EndGlobalSection
	GlobalSection(ProjectConfigurationPlatforms) = postSolution
		{1F63E25B-2C1B-4A1B-92BD-48038BC134D6}.Debug|Win32.ActiveCfg = Debug|Win32
		{1F63E25B-2C1B-4A1B-92BD-48038BC134D6}.Debug|Win32.Build.0 = Debug|Win32
		{1F63E25B-2C1B-4A1B-92BD-48038BC134D6}.Release|Win32.ActiveCfg = Release|Win32
		{1F63E25B-2C1B-4A1B-92BD-48038BC134D6}.Release|Win32.Build.0 = Release|Win32
	EndGlobalSection
	GlobalSection(SolutionProperties) = preSolution
		HideSolutionNode = FALSE
	EndGlobalSection
EndGlobal
